
Microsoft Visual Studio Solution File, Format Version 12.00
# Visual Studio Version 16
VisualStudioVersion = 16.0.30717.126
MinimumVisualStudioVersion = 10.0.40219.1
Project("{FAE04EC0-301F-11D3-BF4B-00C04F79EFBC}") = "WooliesTest", "WooliesTest\WooliesTest.csproj", "{42522E10-F444-423E-A159-FAB1E3AEB2CF}"
EndProject
Project("{FAE04EC0-301F-11D3-BF4B-00C04F79EFBC}") = "WooliesTestTests", "WooliesTestTests\WooliesTestTests.csproj", "{2014D04A-921A-4639-A6CE-E06DD4786A79}"
EndProject
Global
	GlobalSection(SolutionConfigurationPlatforms) = preSolution
		Debug|Any CPU = Debug|Any CPU
		Release|Any CPU = Release|Any CPU
	EndGlobalSection
	GlobalSection(ProjectConfigurationPlatforms) = postSolution
		{42522E10-F444-423E-A159-FAB1E3AEB2CF}.Debug|Any CPU.ActiveCfg = Debug|Any CPU
		{42522E10-F444-423E-A159-FAB1E3AEB2CF}.Debug|Any CPU.Build.0 = Debug|Any CPU
		{42522E10-F444-423E-A159-FAB1E3AEB2CF}.Release|Any CPU.ActiveCfg = Release|Any CPU
		{42522E10-F444-423E-A159-FAB1E3AEB2CF}.Release|Any CPU.Build.0 = Release|Any CPU
		{2014D04A-921A-4639-A6CE-E06DD4786A79}.Debug|Any CPU.ActiveCfg = Debug|Any CPU
		{2014D04A-921A-4639-A6CE-E06DD4786A79}.Debug|Any CPU.Build.0 = Debug|Any CPU
		{2014D04A-921A-4639-A6CE-E06DD4786A79}.Release|Any CPU.ActiveCfg = Release|Any CPU
		{2014D04A-921A-4639-A6CE-E06DD4786A79}.Release|Any CPU.Build.0 = Release|Any CPU
	EndGlobalSection
	GlobalSection(SolutionProperties) = preSolution
		HideSolutionNode = FALSE
	EndGlobalSection
	GlobalSection(ExtensibilityGlobals) = postSolution
		SolutionGuid = {9BA7AF8E-4E34-47E2-BA32-E561530FD653}
	EndGlobalSection
EndGlobal
